
Microsoft Visual Studio Solution File, Format Version 12.00
# Visual Studio Version 16
VisualStudioVersion = 16.0.29215.179
MinimumVisualStudioVersion = 10.0.40219.1
Project("{FAE04EC0-301F-11D3-BF4B-00C04F79EFBC}") = "hTunes", "hTunes.csproj", "{CFB2288E-28DB-4E19-B56B-8BDC3986B64A}"
EndProject
Global
	GlobalSection(SolutionConfigurationPlatforms) = preSolution
		Debug|Any CPU = Debug|Any CPU
		Release|Any CPU = Release|Any CPU
	EndGlobalSection
	GlobalSection(ProjectConfigurationPlatforms) = postSolution
		{CFB2288E-28DB-4E19-B56B-8BDC3986B64A}.Debug|Any CPU.ActiveCfg = Debug|Any CPU
		{CFB2288E-28DB-4E19-B56B-8BDC3986B64A}.Debug|Any CPU.Build.0 = Debug|Any CPU
		{CFB2288E-28DB-4E19-B56B-8BDC3986B64A}.Release|Any CPU.ActiveCfg = Release|Any CPU
		{CFB2288E-28DB-4E19-B56B-8BDC3986B64A}.Release|Any CPU.Build.0 = Release|Any CPU
	EndGlobalSection
	GlobalSection(SolutionProperties) = preSolution
		HideSolutionNode = FALSE
	EndGlobalSection
	GlobalSection(ExtensibilityGlobals) = postSolution
		SolutionGuid = {A6FBC62F-BBF3-4CCB-82F6-F8D76FC9A02E}
	EndGlobalSection
EndGlobal
